
Microsoft Visual Studio Solution File, Format Version 12.00
Project("{FAE04EC0-301F-11D3-BF4B-00C04F79EFBC}") = "HabitFarm", "HabitFarm\HabitFarm.csproj", "{390B5E76-7B3C-4E29-AB0B-B3A28D5DEDB9}"
EndProject
Global
	GlobalSection(SolutionConfigurationPlatforms) = preSolution
		Debug|Any CPU = Debug|Any CPU
		Release|Any CPU = Release|Any CPU
	EndGlobalSection
	GlobalSection(ProjectConfigurationPlatforms) = postSolution
		{390B5E76-7B3C-4E29-AB0B-B3A28D5DEDB9}.Debug|Any CPU.ActiveCfg = Debug|Any CPU
		{390B5E76-7B3C-4E29-AB0B-B3A28D5DEDB9}.Debug|Any CPU.Build.0 = Debug|Any CPU
		{390B5E76-7B3C-4E29-AB0B-B3A28D5DEDB9}.Release|Any CPU.ActiveCfg = Release|Any CPU
		{390B5E76-7B3C-4E29-AB0B-B3A28D5DEDB9}.Release|Any CPU.Build.0 = Release|Any CPU
	EndGlobalSection
EndGlobal
